{
  "requires": true,
  "lockfileVersion": 1,
  "dependencies": {
    "react-geocode": {
      "version": "0.2.3",
      "resolved": "https://registry.npmjs.org/react-geocode/-/react-geocode-0.2.3.tgz",
      "integrity": "sha512-sIpbgmn1IUzAxO4haOZ6jeeFnMD8ya9PC38yiNrmJ9vPWbvAO2D/2yfCBzZjGZVUm4PRzKAc0KghXfaEnug0TQ==",
      "requires": {
        "regenerator-runtime": "^0.13.3"
      }
    },
    "regenerator-runtime": {
      "version": "0.13.9",
      "resolved": "https://registry.npmjs.org/regenerator-runtime/-/regenerator-runtime-0.13.9.tgz",
      "integrity": "sha512-p3VT+cOEgxFsRRA9X4lkI1E+k2/CtnKtU4gcxyaCUreilL/vqI6CdZ3wxVUx3UOUg+gnUOQQcRI7BmSI656MYA=="
    }
  }
}
